
Microsoft Visual Studio Solution File, Format Version 12.00
# Visual Studio Version 17
VisualStudioVersion = 17.7.34031.279
MinimumVisualStudioVersion = 10.0.40219.1
Project("{FAE04EC0-301F-11D3-BF4B-00C04F79EFBC}") = "CoolWeebs", "CoolWeebs\CoolWeebs.csproj", "{A8A2D829-B27A-481D-ACA9-3F9D54F58474}"
EndProject
Project("{FAE04EC0-301F-11D3-BF4B-00C04F79EFBC}") = "CoolWeebs.API", "CoolWeebs.API\CoolWeebs.API.csproj", "{8CA69110-8241-4B29-813D-C44FAAFEE693}"
EndProject
Project("{FAE04EC0-301F-11D3-BF4B-00C04F79EFBC}") = "CoolWebs.Model", "CoolWebs.Model\CoolWebs.Model.csproj", "{1BB9499B-27ED-47C8-9879-1716716D4602}"
EndProject
Global
	GlobalSection(SolutionConfigurationPlatforms) = preSolution
		Debug|Any CPU = Debug|Any CPU
		Release|Any CPU = Release|Any CPU
	EndGlobalSection
	GlobalSection(ProjectConfigurationPlatforms) = postSolution
		{A8A2D829-B27A-481D-ACA9-3F9D54F58474}.Debug|Any CPU.ActiveCfg = Debug|Any CPU
		{A8A2D829-B27A-481D-ACA9-3F9D54F58474}.Debug|Any CPU.Build.0 = Debug|Any CPU
		{A8A2D829-B27A-481D-ACA9-3F9D54F58474}.Release|Any CPU.ActiveCfg = Release|Any CPU
		{A8A2D829-B27A-481D-ACA9-3F9D54F58474}.Release|Any CPU.Build.0 = Release|Any CPU
		{8CA69110-8241-4B29-813D-C44FAAFEE693}.Debug|Any CPU.ActiveCfg = Debug|Any CPU
		{8CA69110-8241-4B29-813D-C44FAAFEE693}.Debug|Any CPU.Build.0 = Debug|Any CPU
		{8CA69110-8241-4B29-813D-C44FAAFEE693}.Release|Any CPU.ActiveCfg = Release|Any CPU
		{8CA69110-8241-4B29-813D-C44FAAFEE693}.Release|Any CPU.Build.0 = Release|Any CPU
		{1BB9499B-27ED-47C8-9879-1716716D4602}.Debug|Any CPU.ActiveCfg = Debug|Any CPU
		{1BB9499B-27ED-47C8-9879-1716716D4602}.Debug|Any CPU.Build.0 = Debug|Any CPU
		{1BB9499B-27ED-47C8-9879-1716716D4602}.Release|Any CPU.ActiveCfg = Release|Any CPU
		{1BB9499B-27ED-47C8-9879-1716716D4602}.Release|Any CPU.Build.0 = Release|Any CPU
	EndGlobalSection
	GlobalSection(SolutionProperties) = preSolution
		HideSolutionNode = FALSE
	EndGlobalSection
	GlobalSection(ExtensibilityGlobals) = postSolution
		SolutionGuid = {8A501AE5-589C-440A-8C0C-5C3E3EFA0008}
	EndGlobalSection
EndGlobal
